
Microsoft Visual Studio Solution File, Format Version 11.00
# Visual Studio 2010
Project("{FAE04EC0-301F-11D3-BF4B-00C04F79EFBC}") = "DefenseDrill", "Assembly-CSharp.csproj", "{276F9011-0F61-F748-DF64-8F556055BC9E}"
EndProject
Project("{FAE04EC0-301F-11D3-BF4B-00C04F79EFBC}") = "DefenseDrill", "Assembly-CSharp-Editor.csproj", "{A6312C8A-6D4D-6EE1-8CAB-CD0CC55435EE}"
EndProject
Global
	GlobalSection(SolutionConfigurationPlatforms) = preSolution
		Debug|Any CPU = Debug|Any CPU
		Release|Any CPU = Release|Any CPU
	EndGlobalSection
	GlobalSection(ProjectConfigurationPlatforms) = postSolution
		{276F9011-0F61-F748-DF64-8F556055BC9E}.Debug|Any CPU.ActiveCfg = Debug|Any CPU
		{276F9011-0F61-F748-DF64-8F556055BC9E}.Debug|Any CPU.Build.0 = Debug|Any CPU
		{276F9011-0F61-F748-DF64-8F556055BC9E}.Release|Any CPU.ActiveCfg = Release|Any CPU
		{276F9011-0F61-F748-DF64-8F556055BC9E}.Release|Any CPU.Build.0 = Release|Any CPU
		{A6312C8A-6D4D-6EE1-8CAB-CD0CC55435EE}.Debug|Any CPU.ActiveCfg = Debug|Any CPU
		{A6312C8A-6D4D-6EE1-8CAB-CD0CC55435EE}.Debug|Any CPU.Build.0 = Debug|Any CPU
		{A6312C8A-6D4D-6EE1-8CAB-CD0CC55435EE}.Release|Any CPU.ActiveCfg = Release|Any CPU
		{A6312C8A-6D4D-6EE1-8CAB-CD0CC55435EE}.Release|Any CPU.Build.0 = Release|Any CPU
	EndGlobalSection
	GlobalSection(SolutionProperties) = preSolution
		HideSolutionNode = FALSE
	EndGlobalSection
	GlobalSection(MonoDevelopProperties) = preSolution
		StartupItem = Assembly-CSharp.csproj
	EndGlobalSection
EndGlobal
